{
  "name": "step3",
  "version": "0.0.1",
  "lockfileVersion": 3,
  "requires": true,
  "packages": {
    "": {
      "name": "step3",
      "version": "0.0.1",
      "license": "MIT",
      "devDependencies": {
        "@stencil/core": "^3.4.0",
        "@stencil/store": "^2.0.0"
      }
    },
    "node_modules/@stencil/core": {
      "version": "3.4.0",
      "resolved": "https://registry.npmjs.org/@stencil/core/-/core-3.4.0.tgz",
      "integrity": "sha512-kEtPtV6QegME8YgMjWrhS7KktItbhqOpAuK9aXypDdI/7bLU9iM/4DtnQGWY/DARBophk+XRBfNXcE62Bmi0dw==",
      "dev": true,
      "bin": {
        "stencil": "bin/stencil"
      },
      "engines": {
        "node": ">=14.10.0",
        "npm": ">=6.0.0"
      }
    },
    "node_modules/@stencil/store": {
      "version": "2.0.8",
      "resolved": "https://registry.npmjs.org/@stencil/store/-/store-2.0.8.tgz",
      "integrity": "sha512-6yNRPyItnVq45r8TtXLIZZMCqtgqA2xiO7alUnr28W5dlDIKMW1W80Muozh1p4FSqRcYLWUUDladXdc+/xXJBA==",
      "dev": true,
      "peerDependencies": {
        "@stencil/core": ">=2.0.0 || >=3.0.0 || >= 4.0.0-beta.0 || >= 4.0.0"
      }
    }
  }
}
